
Microsoft Visual Studio Solution File, Format Version 12.00
# Visual Studio Version 16
VisualStudioVersion = 16.0.31624.102
MinimumVisualStudioVersion = 10.0.40219.1
Project("{9A19103F-16F7-4668-BE54-9A1E7A4F7556}") = "NumMeth1", "NumMeth1\NumMeth1.csproj", "{E651F12A-0FA9-4B16-8B30-80FF7A6CDAE9}"
EndProject
Global
	GlobalSection(SolutionConfigurationPlatforms) = preSolution
		Debug|Any CPU = Debug|Any CPU
		Release|Any CPU = Release|Any CPU
	EndGlobalSection
	GlobalSection(ProjectConfigurationPlatforms) = postSolution
		{E651F12A-0FA9-4B16-8B30-80FF7A6CDAE9}.Debug|Any CPU.ActiveCfg = Debug|Any CPU
		{E651F12A-0FA9-4B16-8B30-80FF7A6CDAE9}.Debug|Any CPU.Build.0 = Debug|Any CPU
		{E651F12A-0FA9-4B16-8B30-80FF7A6CDAE9}.Release|Any CPU.ActiveCfg = Release|Any CPU
		{E651F12A-0FA9-4B16-8B30-80FF7A6CDAE9}.Release|Any CPU.Build.0 = Release|Any CPU
	EndGlobalSection
	GlobalSection(SolutionProperties) = preSolution
		HideSolutionNode = FALSE
	EndGlobalSection
	GlobalSection(ExtensibilityGlobals) = postSolution
		SolutionGuid = {6D683E76-6615-46F7-992F-5B270C53F2AB}
	EndGlobalSection
EndGlobal
